
Microsoft Visual Studio Solution File, Format Version 12.00
# Visual Studio Version 17
VisualStudioVersion = 17.7.34003.232
MinimumVisualStudioVersion = 10.0.40219.1
Project("{FAE04EC0-301F-11D3-BF4B-00C04F79EFBC}") = "Api_Cats", "Api_Cats\Api_Cats.csproj", "{6181D7B7-ABDA-46D4-8F2A-7C8B2891C649}"
EndProject
Global
	GlobalSection(SolutionConfigurationPlatforms) = preSolution
		Debug|Any CPU = Debug|Any CPU
		Release|Any CPU = Release|Any CPU
	EndGlobalSection
	GlobalSection(ProjectConfigurationPlatforms) = postSolution
		{6181D7B7-ABDA-46D4-8F2A-7C8B2891C649}.Debug|Any CPU.ActiveCfg = Debug|Any CPU
		{6181D7B7-ABDA-46D4-8F2A-7C8B2891C649}.Debug|Any CPU.Build.0 = Debug|Any CPU
		{6181D7B7-ABDA-46D4-8F2A-7C8B2891C649}.Release|Any CPU.ActiveCfg = Release|Any CPU
		{6181D7B7-ABDA-46D4-8F2A-7C8B2891C649}.Release|Any CPU.Build.0 = Release|Any CPU
	EndGlobalSection
	GlobalSection(SolutionProperties) = preSolution
		HideSolutionNode = FALSE
	EndGlobalSection
	GlobalSection(ExtensibilityGlobals) = postSolution
		SolutionGuid = {29E1F5A2-37CC-4C24-8856-19393D992E52}
	EndGlobalSection
EndGlobal
